
Microsoft Visual Studio Solution File, Format Version 12.00
# Visual Studio Version 17
VisualStudioVersion = 17.11.35327.3
MinimumVisualStudioVersion = 10.0.40219.1
Project("{FAE04EC0-301F-11D3-BF4B-00C04F79EFBC}") = "AllInOne.NET", "AllInOne.NET\AllInOne.NET.csproj", "{062B7543-525F-495A-831A-DF52DFBDFBA2}"
EndProject
Global
	GlobalSection(SolutionConfigurationPlatforms) = preSolution
		Debug|Any CPU = Debug|Any CPU
		Release|Any CPU = Release|Any CPU
	EndGlobalSection
	GlobalSection(ProjectConfigurationPlatforms) = postSolution
		{062B7543-525F-495A-831A-DF52DFBDFBA2}.Debug|Any CPU.ActiveCfg = Debug|Any CPU
		{062B7543-525F-495A-831A-DF52DFBDFBA2}.Debug|Any CPU.Build.0 = Debug|Any CPU
		{062B7543-525F-495A-831A-DF52DFBDFBA2}.Release|Any CPU.ActiveCfg = Release|Any CPU
		{062B7543-525F-495A-831A-DF52DFBDFBA2}.Release|Any CPU.Build.0 = Release|Any CPU
	EndGlobalSection
	GlobalSection(SolutionProperties) = preSolution
		HideSolutionNode = FALSE
	EndGlobalSection
	GlobalSection(ExtensibilityGlobals) = postSolution
		SolutionGuid = {AD3D70F5-5439-4871-8EC6-AE45B61B588E}
	EndGlobalSection
EndGlobal
